
Microsoft Visual Studio Solution File, Format Version 12.00
# Visual Studio Version 17
VisualStudioVersion = 17.9.34310.174
MinimumVisualStudioVersion = 10.0.40219.1
Project("{9A19103F-16F7-4668-BE54-9A1E7A4F7556}") = "FizzBuzz_Wasm_Project", "FizzBuzz_Wasm_Project.csproj", "{261CB855-0D3F-409D-A5A9-CFA1779E146E}"
EndProject
Global
	GlobalSection(SolutionConfigurationPlatforms) = preSolution
		Debug|Any CPU = Debug|Any CPU
		Release|Any CPU = Release|Any CPU
	EndGlobalSection
	GlobalSection(ProjectConfigurationPlatforms) = postSolution
		{261CB855-0D3F-409D-A5A9-CFA1779E146E}.Debug|Any CPU.ActiveCfg = Debug|Any CPU
		{261CB855-0D3F-409D-A5A9-CFA1779E146E}.Debug|Any CPU.Build.0 = Debug|Any CPU
		{261CB855-0D3F-409D-A5A9-CFA1779E146E}.Release|Any CPU.ActiveCfg = Release|Any CPU
		{261CB855-0D3F-409D-A5A9-CFA1779E146E}.Release|Any CPU.Build.0 = Release|Any CPU
	EndGlobalSection
	GlobalSection(SolutionProperties) = preSolution
		HideSolutionNode = FALSE
	EndGlobalSection
	GlobalSection(ExtensibilityGlobals) = postSolution
		SolutionGuid = {7591C992-F298-4092-860C-8D94040356FC}
	EndGlobalSection
EndGlobal
